PODS:
  - OpenWebRTC (0.3.92)
  - OpenWebRTC-SDK (0.3.3):
    - OpenWebRTC

DEPENDENCIES:
  - OpenWebRTC-SDK (from `../../openwebrtc-ios-sdk/OpenWebRTC-SDK.podspec`)

EXTERNAL SOURCES:
  OpenWebRTC-SDK:
    :path: ../../openwebrtc-ios-sdk/OpenWebRTC-SDK.podspec

SPEC CHECKSUMS:
  OpenWebRTC: c0543fb97e691473a2470a376f7db3b777d68ead
  OpenWebRTC-SDK: 9d906168e2665004f422e74c2d79cf684bae9321

COCOAPODS: 0.38.2
